
Microsoft Visual Studio Solution File, Format Version 12.00
# Visual Studio Version 17
VisualStudioVersion = 17.11.35208.52
MinimumVisualStudioVersion = 10.0.40219.1
Project("{FAE04EC0-301F-11D3-BF4B-00C04F79EFBC}") = "Control_Flow", "Control_Flow.csproj", "{AD571773-ADDC-4957-BAA1-74388962EBFE}"
EndProject
Global
	GlobalSection(SolutionConfigurationPlatforms) = preSolution
		Debug|Any CPU = Debug|Any CPU
		Release|Any CPU = Release|Any CPU
	EndGlobalSection
	GlobalSection(ProjectConfigurationPlatforms) = postSolution
		{AD571773-ADDC-4957-BAA1-74388962EBFE}.Debug|Any CPU.ActiveCfg = Debug|Any CPU
		{AD571773-ADDC-4957-BAA1-74388962EBFE}.Debug|Any CPU.Build.0 = Debug|Any CPU
		{AD571773-ADDC-4957-BAA1-74388962EBFE}.Release|Any CPU.ActiveCfg = Release|Any CPU
		{AD571773-ADDC-4957-BAA1-74388962EBFE}.Release|Any CPU.Build.0 = Release|Any CPU
	EndGlobalSection
	GlobalSection(SolutionProperties) = preSolution
		HideSolutionNode = FALSE
	EndGlobalSection
	GlobalSection(ExtensibilityGlobals) = postSolution
		SolutionGuid = {8176CC2D-329B-463C-9A0C-A85AA825A04B}
	EndGlobalSection
EndGlobal
